
Microsoft Visual Studio Solution File, Format Version 12.00
# Visual Studio Version 17
VisualStudioVersion = 17.8.34511.84
MinimumVisualStudioVersion = 10.0.40219.1
Project("{FAE04EC0-301F-11D3-BF4B-00C04F79EFBC}") = "CodePulse.API", "CodePulse.API\CodePulse.API.csproj", "{FD9389F7-117B-48E5-BDA2-1233D4DC36C2}"
EndProject
Global
	GlobalSection(SolutionConfigurationPlatforms) = preSolution
		Debug|Any CPU = Debug|Any CPU
		Release|Any CPU = Release|Any CPU
	EndGlobalSection
	GlobalSection(ProjectConfigurationPlatforms) = postSolution
		{FD9389F7-117B-48E5-BDA2-1233D4DC36C2}.Debug|Any CPU.ActiveCfg = Debug|Any CPU
		{FD9389F7-117B-48E5-BDA2-1233D4DC36C2}.Debug|Any CPU.Build.0 = Debug|Any CPU
		{FD9389F7-117B-48E5-BDA2-1233D4DC36C2}.Release|Any CPU.ActiveCfg = Release|Any CPU
		{FD9389F7-117B-48E5-BDA2-1233D4DC36C2}.Release|Any CPU.Build.0 = Release|Any CPU
	EndGlobalSection
	GlobalSection(SolutionProperties) = preSolution
		HideSolutionNode = FALSE
	EndGlobalSection
	GlobalSection(ExtensibilityGlobals) = postSolution
		SolutionGuid = {FBE8C176-5DC9-4F3D-AAE2-1CEDDA319D03}
	EndGlobalSection
EndGlobal
